
Microsoft Visual Studio Solution File, Format Version 12.00
# Visual Studio Version 17
VisualStudioVersion = 17.4.33103.184
MinimumVisualStudioVersion = 10.0.40219.1
Project("{8BC9CEB8-8B4A-11D0-8D11-00A0C91BC942}") = "tpNoteDevEfficace", "tpNoteDevEfficace\tpNoteDevEfficace.vcxproj", "{2AA61726-C689-490F-9289-8E871D48C922}"
EndProject
Global
	GlobalSection(SolutionConfigurationPlatforms) = preSolution
		Debug|x64 = Debug|x64
		Debug|x86 = Debug|x86
		Release|x64 = Release|x64
		Release|x86 = Release|x86
	EndGlobalSection
	GlobalSection(ProjectConfigurationPlatforms) = postSolution
		{2AA61726-C689-490F-9289-8E871D48C922}.Debug|x64.ActiveCfg = Debug|x64
		{2AA61726-C689-490F-9289-8E871D48C922}.Debug|x64.Build.0 = Debug|x64
		{2AA61726-C689-490F-9289-8E871D48C922}.Debug|x86.ActiveCfg = Debug|Win32
		{2AA61726-C689-490F-9289-8E871D48C922}.Debug|x86.Build.0 = Debug|Win32
		{2AA61726-C689-490F-9289-8E871D48C922}.Release|x64.ActiveCfg = Release|x64
		{2AA61726-C689-490F-9289-8E871D48C922}.Release|x64.Build.0 = Release|x64
		{2AA61726-C689-490F-9289-8E871D48C922}.Release|x86.ActiveCfg = Release|Win32
		{2AA61726-C689-490F-9289-8E871D48C922}.Release|x86.Build.0 = Release|Win32
	EndGlobalSection
	GlobalSection(SolutionProperties) = preSolution
		HideSolutionNode = FALSE
	EndGlobalSection
	GlobalSection(ExtensibilityGlobals) = postSolution
		SolutionGuid = {6D2C3A2B-1E18-4515-8653-722631B650ED}
	EndGlobalSection
EndGlobal
